version = 1
revision = 3
requires-python = "==3.11.*"

[[package]]
name = "annotated-types"
version = "0.7.0"
source = { registry = "https://pypi.org/simple" }
sdist = { url = "https://files.pythonhosted.org/packages/ee/67/531ea369ba64dcff5ec9c3402f9f51bf748cec26dde048a2f973a4eea7f5/annotated_types-0.7.0.tar.gz", hash = "sha256:aff07c09a53a08bc8cfccb9c85b05f1aa9a2a6f23728d790723543408344ce89", size = 16081, upload-time = "2024-05-20T21:33:25.928Z" }
wheels = [
    { url = "https://files.pythonhosted.org/packages/78/b6/6307fbef88d9b5ee7421e68d78a9f162e0da4900bc5f5793f6d3d0e34fb8/annotated_types-0.7.0-py3-none-any.whl", hash = "sha256:1f02e8b43a8fbbc3f3e0d4f0f4bfc8131bcb4eebe8849b8e5c773f3a1c582a53", size = 13643, upload-time = "2024-05-20T21:33:24.1Z" },
]

[[package]]
name = "anyio"
version = "4.12.1"
source = { registry = "https://pypi.org/simple" }
dependencies = [
    { name = "idna" },
    { name = "typing-extensions" },
]
sdist = { url = "https://files.pythonhosted.org/packages/96/f0/5eb65b2bb0d09ac6776f2eb54adee6abe8228ea05b20a5ad0e4945de8aac/anyio-4.12.1.tar.gz", hash = "sha256:41cfcc3a4c85d3f05c932da7c26d0201ac36f72abd4435ba90d0464a3ffed703", size = 228685, upload-time = "2026-01-06T11:45:21.246Z" }
wheels = [
    { url = "https://files.pythonhosted.org/packages/38/0e/27be9fdef66e72d64c0cdc3cc2823101b80585f8119b5c112c2e8f5f7dab/anyio-4.12.1-py3-none-any.whl", hash = "sha256:d405828884fc140aa80a3c667b8beed277f1dfedec42ba031bd6ac3db606ab6c", size = 113592, upload-time = "2026-01-06T11:45:19.497Z" },
]

[[package]]
name = "asyncpg"
version = "0.31.0"
source = { registry = "https://pypi.org/simple" }
sdist = { url = "https://files.pythonhosted.org/packages/fe/cc/d18065ce2380d80b1bcce927c24a2642efd38918e33fd724bc4bca904877/asyncpg-0.31.0.tar.gz", hash = "sha256:c989386c83940bfbd787180f2b1519415e2d3d6277a70d9d0f0145ac73500735", size = 993667, upload-time = "2025-11-24T23:27:00.812Z" }
wheels = [
    { url = "https://files.pythonhosted.org/packages/08/17/cc02bc49bc350623d050fa139e34ea512cd6e020562f2a7312a7bcae4bc9/asyncpg-0.31.0-cp311-cp311-macosx_10_9_x86_64.whl", hash = "sha256:eee690960e8ab85063ba93af2ce128c0f52fd655fdff9fdb1a28df01329f031d", size = 643159, upload-time = "2025-11-24T23:25:36.443Z" },
    { url = "https://files.pythonhosted.org/packages/a4/62/4ded7d400a7b651adf06f49ea8f73100cca07c6df012119594d1e3447aa6/asyncpg-0.31.0-cp311-cp311-macosx_11_0_arm64.whl", hash = "sha256:2657204552b75f8288de08ca60faf4a99a65deef3a71d1467454123205a88fab", size = 638157, upload-time = "2025-11-24T23:25:37.89Z" },
    { url = "https://files.pythonhosted.org/packages/d6/5b/4179538a9a72166a0bf60ad783b1ef16efb7960e4d7b9afe9f77a5551680/asyncpg-0.31.0-cp311-cp311-manylinux2014_aarch64.manylinux_2_17_aarch64.manylinux_2_28_aarch64.whl", hash = "sha256:a429e842a3a4b4ea240ea52d7fe3f82d5149853249306f7ff166cb9948faa46c", size = 2918051, upload-time = "2025-11-24T23:25:39.461Z" },
    { url = "https://files.pythonhosted.org/packages/e6/35/c27719ae0536c5b6e61e4701391ffe435ef59539e9360959240d6e47c8c8/asyncpg-0.31.0-cp311-cp311-manylinux2014_x86_64.manylinux_2_17_x86_64.manylinux_2_28_x86_64.whl", hash = "sha256:c0807be46c32c963ae40d329b3a686356e417f674c976c07fa49f1b30303f109", size = 2972640, upload-time = "2025-11-24T23:25:41.512Z" },
    { url = "https://files.pythonhosted.org/packages/43/f4/01ebb9207f29e645a64699b9ce0eefeff8e7a33494e1d29bb53736f7766b/asyncpg-0.31.0-cp311-cp311-musllinux_1_2_aarch64.whl", hash = "sha256:e5d5098f63beeae93512ee513d4c0c53dc12e9aa2b7a1af5a81cddf93fe4e4da", size = 2851050, upload-time = "2025-11-24T23:25:43.153Z" },
    { url = "https://files.pythonhosted.org/packages/3e/f4/03ff1426acc87be0f4e8d40fa2bff5c3952bef0080062af9efc2212e3be8/asyncpg-0.31.0-cp311-cp311-musllinux_1_2_x86_64.whl", hash = "sha256:37fc6c00a814e18eef51833545d1891cac9aa69140598bb076b4cd29b3e010b9", size = 2962574, upload-time = "2025-11-24T23:25:44.942Z" },
    { url = "https://files.pythonhosted.org/packages/c7/39/cc788dfca3d4060f9d93e67be396ceec458dfc429e26139059e58c2c244d/asyncpg-0.31.0-cp311-cp311-win32.whl", hash = "sha256:5a4af56edf82a701aece93190cc4e094d2df7d33f6e915c222fb09efbb5afc24", size = 521076, upload-time = "2025-11-24T23:25:46.486Z" },
    { url = "https://files.pythonhosted.org/packages/28/fc/735af5384c029eb7f1ca60ccb8fa95521dbdaeef788edf4cecfc604c3cab/asyncpg-0.31.0-cp311-cp311-win_amd64.whl", hash = "sha256:480c4befbdf079c14c9ca43c8c5e1fe8b6296c96f1f927158d4f1e750aacc047", size = 584980, upload-time = "2025-11-24T23:25:47.938Z" },
]

[[package]]
name = "consumer"
version = "0.1.0"
source = { virtual = "." }
dependencies = [
    { name = "asyncpg" },
    { name = "faststream", extra = ["nats"] },
    { name = "orjson" },
    { name = "pydantic" },
    { name = "pydantic-settings" },
    { name = "sqlalchemy", extra = ["asyncio"] },
]

[package.dev-dependencies]
lint = [
    { name = "ruff" },
]

[package.metadata]
requires-dist = [
    { name = "asyncpg", specifier = ">=0.31.0" },
    { name = "faststream", extras = ["nats"], specifier = ">=0.6.5" },
    { name = "orjson", specifier = ">=3.11.5" },
    { name = "pydantic", specifier = ">=2.12.4" },
    { name = "pydantic-settings", specifier = ">=2.12.0" },
    { name = "sqlalchemy", extras = ["asyncio"], specifier = ">=2.0.45" },
]

[package.metadata.requires-dev]
lint = [{ name = "ruff", specifier = ">=0.14.5" }]

[[package]]
name = "fast-depends"
version = "3.0.5"
source = { registry = "https://pypi.org/simple" }
dependencies = [
    { name = "anyio" },
    { name = "typing-extensions" },
]
sdist = { url = "https://files.pythonhosted.org/packages/07/f3/41e955f5f0811de6ef9f00f8462f2ade7bc4a99b93714c9b134646baa831/fast_depends-3.0.5.tar.gz", hash = "sha256:c915a54d6e0d0f0393686d37c14d54d9ec7c43d7b9def3f3fc4f7b4d52f67f2a", size = 18235, upload-time = "2025-11-30T20:26:12.92Z" }
wheels = [
    { url = "https://files.pythonhosted.org/packages/0a/dd/76697228ae63dcbaf0a0a1b20fc996433a33f184ac4f578382b681dcf5ea/fast_depends-3.0.5-py3-none-any.whl", hash = "sha256:38a3d7044d3d6d0b1bed703691275c870316426e8a9bfa6b1c89e979b15659e2", size = 25362, upload-time = "2025-11-30T20:26:10.96Z" },
]

[package.optional-dependencies]
pydantic = [
    { name = "pydantic" },
]

[[package]]
name = "faststream"
version = "0.6.5"
source = { registry = "https://pypi.org/simple" }
dependencies = [
    { name = "anyio" },
    { name = "fast-depends", extra = ["pydantic"] },
    { name = "typing-extensions" },
]
sdist = { url = "https://files.pythonhosted.org/packages/52/55/fc2a34405ac63aaf973a33884c5f77f87564bbb9a4343c1d103cbf8c87f5/faststream-0.6.5.tar.gz", hash = "sha256:ddef9e85631edf1aba87e81c8886067bd94ee752f41a09f1d1cd6f75f7e4fade", size = 302206, upload-time = "2025-12-29T16:44:04.85Z" }
wheels = [
    { url = "https://files.pythonhosted.org/packages/e2/1c/f60c0b15a8bce42ed7256d2eca6ea713bac259d6684ff392a907f95ca345/faststream-0.6.5-py3-none-any.whl", hash = "sha256:714b13b84cdbe2bdcf0b2b8a5e2b04648cb7683784a5297d445adfee9f2b4f7e", size = 507108, upload-time = "2025-12-29T16:44:03.297Z" },
]

[package.optional-dependencies]
nats = [
    { name = "nats-py" },
]

[[package]]
name = "greenlet"
version = "3.3.0"
source = { registry = "https://pypi.org/simple" }
sdist = { url = "https://files.pythonhosted.org/packages/c7/e5/40dbda2736893e3e53d25838e0f19a2b417dfc122b9989c91918db30b5d3/greenlet-3.3.0.tar.gz", hash = "sha256:a82bb225a4e9e4d653dd2fb7b8b2d36e4fb25bc0165422a11e48b88e9e6f78fb", size = 190651, upload-time = "2025-12-04T14:49:44.05Z" }
wheels = [
    { url = "https://files.pythonhosted.org/packages/1f/cb/48e964c452ca2b92175a9b2dca037a553036cb053ba69e284650ce755f13/greenlet-3.3.0-cp311-cp311-macosx_11_0_universal2.whl", hash = "sha256:e29f3018580e8412d6aaf5641bb7745d38c85228dacf51a73bd4e26ddf2a6a8e", size = 274908, upload-time = "2025-12-04T14:23:26.435Z" },
    { url = "https://files.pythonhosted.org/packages/28/da/38d7bff4d0277b594ec557f479d65272a893f1f2a716cad91efeb8680953/greenlet-3.3.0-cp311-cp311-manylinux_2_24_aarch64.manylinux_2_28_aarch64.whl", hash = "sha256:a687205fb22794e838f947e2194c0566d3812966b41c78709554aa883183fb62", size = 577113, upload-time = "2025-12-04T14:50:05.493Z" },
    { url = "https://files.pythonhosted.org/packages/3c/f2/89c5eb0faddc3ff014f1c04467d67dee0d1d334ab81fadbf3744847f8a8a/greenlet-3.3.0-cp311-cp311-manylinux_2_24_ppc64le.manylinux_2_28_ppc64le.whl", hash = "sha256:4243050a88ba61842186cb9e63c7dfa677ec146160b0efd73b855a3d9c7fcf32", size = 590338, upload-time = "2025-12-04T14:57:41.136Z" },
    { url = "https://files.pythonhosted.org/packages/80/d7/db0a5085035d05134f8c089643da2b44cc9b80647c39e93129c5ef170d8f/greenlet-3.3.0-cp311-cp311-manylinux_2_24_s390x.manylinux_2_28_s390x.whl", hash = "sha256:670d0f94cd302d81796e37299bcd04b95d62403883b24225c6b5271466612f45", size = 601098, upload-time = "2025-12-04T15:07:11.898Z" },
    { url = "https://files.pythonhosted.org/packages/dc/a6/e959a127b630a58e23529972dbc868c107f9d583b5a9f878fb858c46bc1a/greenlet-3.3.0-cp311-cp311-manylinux_2_24_x86_64.manylinux_2_28_x86_64.whl", hash = "sha256:6cb3a8ec3db4a3b0eb8a3c25436c2d49e3505821802074969db017b87bc6a948", size = 590206, upload-time = "2025-12-04T14:26:01.254Z" },
    { url = "https://files.pythonhosted.org/packages/48/60/29035719feb91798693023608447283b266b12efc576ed013dd9442364bb/greenlet-3.3.0-cp311-cp311-musllinux_1_2_aarch64.whl", hash = "sha256:2de5a0b09eab81fc6a382791b995b1ccf2b172a9fec934747a7a23d2ff291794", size = 1550668, upload-time = "2025-12-04T15:04:22.439Z" },
    { url = "https://files.pythonhosted.org/packages/0a/5f/783a23754b691bfa86bd72c3033aa107490deac9b2ef190837b860996c9f/greenlet-3.3.0-cp311-cp311-musllinux_1_2_x86_64.whl", hash = "sha256:4449a736606bd30f27f8e1ff4678ee193bc47f6ca810d705981cfffd6ce0d8c5", size = 1615483, upload-time = "2025-12-04T14:27:28.083Z" },
    { url = "https://files.pythonhosted.org/packages/1d/d5/c339b3b4bc8198b7caa4f2bd9fd685ac9f29795816d8db112da3d04175bb/greenlet-3.3.0-cp311-cp311-win_amd64.whl", hash = "sha256:7652ee180d16d447a683c04e4c5f6441bae7ba7b17ffd9f6b3aff4605e9e6f71", size = 301164, upload-time = "2025-12-04T14:42:51.577Z" },
]

[[package]]
name = "idna"
version = "3.11"
source = { registry = "https://pypi.org/simple" }
sdist = { url = "https://files.pythonhosted.org/packages/6f/6d/0703ccc57f3a7233505399edb88de3cbd678da106337b9fcde432b65ed60/idna-3.11.tar.gz", hash = "sha256:795dafcc9c04ed0c1fb032c2aa73654d8e8c5023a7df64a53f39190ada629902", size = 194582, upload-time = "2025-10-12T14:55:20.501Z" }
wheels = [
    { url = "https://files.pythonhosted.org/packages/0e/61/66938bbb5fc52dbdf84594873d5b51fb1f7c7794e9c0f5bd885f30bc507b/idna-3.11-py3-none-any.whl", hash = "sha256:771a87f49d9defaf64091e6e6fe9c18d4833f140bd19464795bc32d966ca37ea", size = 71008, upload-time = "2025-10-12T14:55:18.883Z" },
]

[[package]]
name = "nats-py"
version = "2.12.0"
source = { registry = "https://pypi.org/simple" }
sdist = { url = "https://files.pythonhosted.org/packages/71/c5/2564d917503fe8d68fe630c74bf6b678fbc15c01b58f2565894761010f57/nats_py-2.12.0.tar.gz", hash = "sha256:2981ca4b63b8266c855573fa7871b1be741f1889fd429ee657e5ffc0971a38a1", size = 119821, upload-time = "2025-10-31T05:27:31.247Z" }

[[package]]
name = "orjson"
version = "3.11.5"
source = { registry = "https://pypi.org/simple" }
sdist = { url = "https://files.pythonhosted.org/packages/04/b8/333fdb27840f3bf04022d21b654a35f58e15407183aeb16f3b41aa053446/orjson-3.11.5.tar.gz", hash = "sha256:82393ab47b4fe44ffd0a7659fa9cfaacc717eb617c93cde83795f14af5c2e9d5", size = 5972347, upload-time = "2025-12-06T15:55:39.458Z" }
wheels = [
    { url = "https://files.pythonhosted.org/packages/fd/68/6b3659daec3a81aed5ab47700adb1a577c76a5452d35b91c88efee89987f/orjson-3.11.5-cp311-cp311-macosx_10_15_x86_64.macosx_11_0_arm64.macosx_10_15_universal2.whl", hash = "sha256:9c8494625ad60a923af6b2b0bd74107146efe9b55099e20d7740d995f338fcd8", size = 245318, upload-time = "2025-12-06T15:54:02.355Z" },
    { url = "https://files.pythonhosted.org/packages/e9/00/92db122261425f61803ccf0830699ea5567439d966cbc35856fe711bfe6b/orjson-3.11.5-cp311-cp311-macosx_15_0_arm64.whl", hash = "sha256:7bb2ce0b82bc9fd1168a513ddae7a857994b780b2945a8c51db4ab1c4b751ebc", size = 129491, upload-time = "2025-12-06T15:54:03.877Z" },
    { url = "https://files.pythonhosted.org/packages/94/4f/ffdcb18356518809d944e1e1f77589845c278a1ebbb5a8297dfefcc4b4cb/orjson-3.11.5-cp311-cp311-manylinux_2_17_aarch64.manylinux2014_aarch64.whl", hash = "sha256:67394d3becd50b954c4ecd24ac90b5051ee7c903d167459f93e77fc6f5b4c968", size = 132167, upload-time = "2025-12-06T15:54:04.944Z" },
    { url = "https://files.pythonhosted.org/packages/97/c6/0a8caff96f4503f4f7dd44e40e90f4d14acf80d3b7a97cb88747bb712d3e/orjson-3.11.5-cp311-cp311-manylinux_2_17_armv7l.manylinux2014_armv7l.whl", hash = "sha256:298d2451f375e5f17b897794bcc3e7b821c0f32b4788b9bcae47ada24d7f3cf7", size = 130516, upload-time = "2025-12-06T15:54:06.274Z" },
    { url = "https://files.pythonhosted.org/packages/4d/63/43d4dc9bd9954bff7052f700fdb501067f6fb134a003ddcea2a0bb3854ed/orjson-3.11.5-cp311-cp311-manylinux_2_17_i686.manylinux2014_i686.whl", hash = "sha256:aa5e4244063db8e1d87e0f54c3f7522f14b2dc937e65d5241ef0076a096409fd", size = 135695, upload-time = "2025-12-06T15:54:07.702Z" },
    { url = "https://files.pythonhosted.org/packages/87/6f/27e2e76d110919cb7fcb72b26166ee676480a701bcf8fc53ac5d0edce32f/orjson-3.11.5-cp311-cp311-manylinux_2_17_ppc64le.manylinux2014_ppc64le.whl", hash = "sha256:1db2088b490761976c1b2e956d5d4e6409f3732e9d79cfa69f876c5248d1baf9", size = 139664, upload-time = "2025-12-06T15:54:08.828Z" },
    { url = "https://files.pythonhosted.org/packages/d4/f8/5966153a5f1be49b5fbb8ca619a529fde7bc71aa0a376f2bb83fed248bcd/orjson-3.11.5-cp311-cp311-manylinux_2_17_s390x.manylinux2014_s390x.whl", hash = "sha256:c2ed66358f32c24e10ceea518e16eb3549e34f33a9d51f99ce23b0251776a1ef", size = 137289, upload-time = "2025-12-06T15:54:09.898Z" },
    { url = "https://files.pythonhosted.org/packages/a7/34/8acb12ff0299385c8bbcbb19fbe40030f23f15a6de57a9c587ebf71483fb/orjson-3.11.5-cp311-cp311-manylinux_2_17_x86_64.manylinux2014_x86_64.whl", hash = "sha256:c2021afda46c1ed64d74b555065dbd4c2558d510d8cec5ea6a53001b3e5e82a9", size = 138784, upload-time = "2025-12-06T15:54:11.022Z" },
    { url = "https://files.pythonhosted.org/packages/ee/27/910421ea6e34a527f73d8f4ee7bdffa48357ff79c7b8d6eb6f7b82dd1176/orjson-3.11.5-cp311-cp311-musllinux_1_2_aarch64.whl", hash = "sha256:b42ffbed9128e547a1647a3e50bc88ab28ae9daa61713962e0d3dd35e820c125", size = 141322, upload-time = "2025-12-06T15:54:12.427Z" },
    { url = "https://files.pythonhosted.org/packages/87/a3/4b703edd1a05555d4bb1753d6ce44e1a05b7a6d7c164d5b332c795c63d70/orjson-3.11.5-cp311-cp311-musllinux_1_2_armv7l.whl", hash = "sha256:8d5f16195bb671a5dd3d1dbea758918bada8f6cc27de72bd64adfbd748770814", size = 413612, upload-time = "2025-12-06T15:54:13.858Z" },
    { url = "https://files.pythonhosted.org/packages/1b/36/034177f11d7eeea16d3d2c42a1883b0373978e08bc9dad387f5074c786d8/orjson-3.11.5-cp311-cp311-musllinux_1_2_i686.whl", hash = "sha256:c0e5d9f7a0227df2927d343a6e3859bebf9208b427c79bd31949abcc2fa32fa5", size = 150993, upload-time = "2025-12-06T15:54:15.189Z" },
    { url = "https://files.pythonhosted.org/packages/44/2f/ea8b24ee046a50a7d141c0227c4496b1180b215e728e3b640684f0ea448d/orjson-3.11.5-cp311-cp311-musllinux_1_2_x86_64.whl", hash = "sha256:23d04c4543e78f724c4dfe656b3791b5f98e4c9253e13b2636f1af5d90e4a880", size = 141774, upload-time = "2025-12-06T15:54:16.451Z" },
    { url = "https://files.pythonhosted.org/packages/8a/12/cc440554bf8200eb23348a5744a575a342497b65261cd65ef3b28332510a/orjson-3.11.5-cp311-cp311-win32.whl", hash = "sha256:c404603df4865f8e0afe981aa3c4b62b406e6d06049564d58934860b62b7f91d", size = 135109, upload-time = "2025-12-06T15:54:17.73Z" },
    { url = "https://files.pythonhosted.org/packages/a3/83/e0c5aa06ba73a6760134b169f11fb970caa1525fa4461f94d76e692299d9/orjson-3.11.5-cp311-cp311-win_amd64.whl", hash = "sha256:9645ef655735a74da4990c24ffbd6894828fbfa117bc97c1edd98c282ecb52e1", size = 133193, upload-time = "2025-12-06T15:54:19.426Z" },
    { url = "https://files.pythonhosted.org/packages/cb/35/5b77eaebc60d735e832c5b1a20b155667645d123f09d471db0a78280fb49/orjson-3.11.5-cp311-cp311-win_arm64.whl", hash = "sha256:1cbf2735722623fcdee8e712cbaaab9e372bbcb0c7924ad711b261c2eccf4a5c", size = 126830, upload-time = "2025-12-06T15:54:20.836Z" },
]

[[package]]
name = "pydantic"
version = "2.12.5"
source = { registry = "https://pypi.org/simple" }
dependencies = [
    { name = "annotated-types" },
    { name = "pydantic-core" },
    { name = "typing-extensions" },
    { name = "typing-inspection" },
]
sdist = { url = "https://files.pythonhosted.org/packages/69/44/36f1a6e523abc58ae5f928898e4aca2e0ea509b5aa6f6f392a5d882be928/pydantic-2.12.5.tar.gz", hash = "sha256:4d351024c75c0f085a9febbb665ce8c0c6ec5d30e903bdb6394b7ede26aebb49", size = 821591, upload-time = "2025-11-26T15:11:46.471Z" }
wheels = [
    { url = "https://files.pythonhosted.org/packages/5a/87/b70ad306ebb6f9b585f114d0ac2137d792b48be34d732d60e597c2f8465a/pydantic-2.12.5-py3-none-any.whl", hash = "sha256:e561593fccf61e8a20fc46dfc2dfe075b8be7d0188df33f221ad1f0139180f9d", size = 463580, upload-time = "2025-11-26T15:11:44.605Z" },
]

[[package]]
name = "pydantic-core"
version = "2.41.5"
source = { registry = "https://pypi.org/simple" }
dependencies = [
    { name = "typing-extensions" },
]
sdist = { url = "https://files.pythonhosted.org/packages/71/70/23b021c950c2addd24ec408e9ab05d59b035b39d97cdc1130e1bce647bb6/pydantic_core-2.41.5.tar.gz", hash = "sha256:08daa51ea16ad373ffd5e7606252cc32f07bc72b28284b6bc9c6df804816476e", size = 460952, upload-time = "2025-11-04T13:43:49.098Z" }
wheels = [
    { url = "https://files.pythonhosted.org/packages/e8/72/74a989dd9f2084b3d9530b0915fdda64ac48831c30dbf7c72a41a5232db8/pydantic_core-2.41.5-cp311-cp311-macosx_10_12_x86_64.whl", hash = "sha256:a3a52f6156e73e7ccb0f8cced536adccb7042be67cb45f9562e12b319c119da6", size = 2105873, upload-time = "2025-11-04T13:39:31.373Z" },
    { url = "https://files.pythonhosted.org/packages/12/44/37e403fd9455708b3b942949e1d7febc02167662bf1a7da5b78ee1ea2842/pydantic_core-2.41.5-cp311-cp311-macosx_11_0_arm64.whl", hash = "sha256:7f3bf998340c6d4b0c9a2f02d6a400e51f123b59565d74dc60d252ce888c260b", size = 1899826, upload-time = "2025-11-04T13:39:32.897Z" },
    { url = "https://files.pythonhosted.org/packages/33/7f/1d5cab3ccf44c1935a359d51a8a2a9e1a654b744b5e7f80d41b88d501eec/pydantic_core-2.41.5-cp311-cp311-manylinux_2_17_aarch64.manylinux2014_aarch64.whl", hash = "sha256:378bec5c66998815d224c9ca994f1e14c0c21cb95d2f52b6021cc0b2a58f2a5a", size = 1917869, upload-time = "2025-11-04T13:39:34.469Z" },
    { url = "https://files.pythonhosted.org/packages/6e/6a/30d94a9674a7fe4f4744052ed6c5e083424510be1e93da5bc47569d11810/pydantic_core-2.41.5-cp311-cp311-manylinux_2_17_armv7l.manylinux2014_armv7l.whl", hash = "sha256:e7b576130c69225432866fe2f4a469a85a54ade141d96fd396dffcf607b558f8", size = 2063890, upload-time = "2025-11-04T13:39:36.053Z" },
    { url = "https://files.pythonhosted.org/packages/50/be/76e5d46203fcb2750e542f32e6c371ffa9b8ad17364cf94bb0818dbfb50c/pydantic_core-2.41.5-cp311-cp311-manylinux_2_17_ppc64le.manylinux2014_ppc64le.whl", hash = "sha256:6cb58b9c66f7e4179a2d5e0f849c48eff5c1fca560994d6eb6543abf955a149e", size = 2229740, upload-time = "2025-11-04T13:39:37.753Z" },
    { url = "https://files.pythonhosted.org/packages/d3/ee/fed784df0144793489f87db310a6bbf8118d7b630ed07aa180d6067e653a/pydantic_core-2.41.5-cp311-cp311-manylinux_2_17_s390x.manylinux2014_s390x.whl", hash = "sha256:88942d3a3dff3afc8288c21e565e476fc278902ae4d6d134f1eeda118cc830b1", size = 2350021, upload-time = "2025-11-04T13:39:40.94Z" },
    { url = "https://files.pythonhosted.org/packages/c8/be/8fed28dd0a180dca19e72c233cbf58efa36df055e5b9d90d64fd1740b828/pydantic_core-2.41.5-cp311-cp311-manylinux_2_17_x86_64.manylinux2014_x86_64.whl", hash = "sha256:f31d95a179f8d64d90f6831d71fa93290893a33148d890ba15de25642c5d075b", size = 2066378, upload-time = "2025-11-04T13:39:42.523Z" },
    { url = "https://files.pythonhosted.org/packages/b0/3b/698cf8ae1d536a010e05121b4958b1257f0b5522085e335360e53a6b1c8b/pydantic_core-2.41.5-cp311-cp311-manylinux_2_5_i686.manylinux1_i686.whl", hash = "sha256:c1df3d34aced70add6f867a8cf413e299177e0c22660cc767218373d0779487b", size = 2175761, upload-time = "2025-11-04T13:39:44.553Z" },
    { url = "https://files.pythonhosted.org/packages/b8/ba/15d537423939553116dea94ce02f9c31be0fa9d0b806d427e0308ec17145/pydantic_core-2.41.5-cp311-cp311-musllinux_1_1_aarch64.whl", hash = "sha256:4009935984bd36bd2c774e13f9a09563ce8de4abaa7226f5108262fa3e637284", size = 2146303, upload-time = "2025-11-04T13:39:46.238Z" },
    { url = "https://files.pythonhosted.org/packages/58/7f/0de669bf37d206723795f9c90c82966726a2ab06c336deba4735b55af431/pydantic_core-2.41.5-cp311-cp311-musllinux_1_1_armv7l.whl", hash = "sha256:34a64bc3441dc1213096a20fe27e8e128bd3ff89921706e83c0b1ac971276594", size = 2340355, upload-time = "2025-11-04T13:39:48.002Z" },
    { url = "https://files.pythonhosted.org/packages/e5/de/e7482c435b83d7e3c3ee5ee4451f6e8973cff0eb6007d2872ce6383f6398/pydantic_core-2.41.5-cp311-cp311-musllinux_1_1_x86_64.whl", hash = "sha256:c9e19dd6e28fdcaa5a1de679aec4141f691023916427ef9bae8584f9c2fb3b0e", size = 2319875, upload-time = "2025-11-04T13:39:49.705Z" },
    { url = "https://files.pythonhosted.org/packages/fe/e6/8c9e81bb6dd7560e33b9053351c29f30c8194b72f2d6932888581f503482/pydantic_core-2.41.5-cp311-cp311-win32.whl", hash = "sha256:2c010c6ded393148374c0f6f0bf89d206bf3217f201faa0635dcd56bd1520f6b", size = 1987549, upload-time = "2025-11-04T13:39:51.842Z" },
    { url = "https://files.pythonhosted.org/packages/11/66/f14d1d978ea94d1bc21fc98fcf570f9542fe55bfcc40269d4e1a21c19bf7/pydantic_core-2.41.5-cp311-cp311-win_amd64.whl", hash = "sha256:76ee27c6e9c7f16f47db7a94157112a2f3a00e958bc626e2f4ee8bec5c328fbe", size = 2011305, upload-time = "2025-11-04T13:39:53.485Z" },
    { url = "https://files.pythonhosted.org/packages/56/d8/0e271434e8efd03186c5386671328154ee349ff0354d83c74f5caaf096ed/pydantic_core-2.41.5-cp311-cp311-win_arm64.whl", hash = "sha256:4bc36bbc0b7584de96561184ad7f012478987882ebf9f9c389b23f432ea3d90f", size = 1972902, upload-time = "2025-11-04T13:39:56.488Z" },
    { url = "https://files.pythonhosted.org/packages/11/72/90fda5ee3b97e51c494938a4a44c3a35a9c96c19bba12372fb9c634d6f57/pydantic_core-2.41.5-graalpy311-graalpy242_311_native-macosx_10_12_x86_64.whl", hash = "sha256:b96d5f26b05d03cc60f11a7761a5ded1741da411e7fe0909e27a5e6a0cb7b034", size = 2115441, upload-time = "2025-11-04T13:42:39.557Z" },
    { url = "https://files.pythonhosted.org/packages/1f/53/8942f884fa33f50794f119012dc6a1a02ac43a56407adaac20463df8e98f/pydantic_core-2.41.5-graalpy311-graalpy242_311_native-macosx_11_0_arm64.whl", hash = "sha256:634e8609e89ceecea15e2d61bc9ac3718caaaa71963717bf3c8f38bfde64242c", size = 1930291, upload-time = "2025-11-04T13:42:42.169Z" },
    { url = "https://files.pythonhosted.org/packages/79/c8/ecb9ed9cd942bce09fc888ee960b52654fbdbede4ba6c2d6e0d3b1d8b49c/pydantic_core-2.41.5-graalpy311-graalpy242_311_native-manylinux_2_17_aarch64.manylinux2014_aarch64.whl", hash = "sha256:93e8740d7503eb008aa2df04d3b9735f845d43ae845e6dcd2be0b55a2da43cd2", size = 1948632, upload-time = "2025-11-04T13:42:44.564Z" },
    { url = "https://files.pythonhosted.org/packages/2e/1b/687711069de7efa6af934e74f601e2a4307365e8fdc404703afc453eab26/pydantic_core-2.41.5-graalpy311-graalpy242_311_native-manylinux_2_17_x86_64.manylinux2014_x86_64.whl", hash = "sha256:f15489ba13d61f670dcc96772e733aad1a6f9c429cc27574c6cdaed82d0146ad", size = 2138905, upload-time = "2025-11-04T13:42:47.156Z" },
    { url = "https://files.pythonhosted.org/packages/5f/9b/1b3f0e9f9305839d7e84912f9e8bfbd191ed1b1ef48083609f0dabde978c/pydantic_core-2.41.5-pp311-pypy311_pp73-macosx_10_12_x86_64.whl", hash = "sha256:b2379fa7ed44ddecb5bfe4e48577d752db9fc10be00a6b7446e9663ba143de26", size = 2101980, upload-time = "2025-11-04T13:43:25.97Z" },
    { url = "https://files.pythonhosted.org/packages/a4/ed/d71fefcb4263df0da6a85b5d8a7508360f2f2e9b3bf5814be9c8bccdccc1/pydantic_core-2.41.5-pp311-pypy311_pp73-macosx_11_0_arm64.whl", hash = "sha256:266fb4cbf5e3cbd0b53669a6d1b039c45e3ce651fd5442eff4d07c2cc8d66808", size = 1923865, upload-time = "2025-11-04T13:43:28.763Z" },
    { url = "https://files.pythonhosted.org/packages/ce/3a/626b38db460d675f873e4444b4bb030453bbe7b4ba55df821d026a0493c4/pydantic_core-2.41.5-pp311-pypy311_pp73-manylinux_2_17_x86_64.manylinux2014_x86_64.whl", hash = "sha256:58133647260ea01e4d0500089a8c4f07bd7aa6ce109682b1426394988d8aaacc", size = 2134256, upload-time = "2025-11-04T13:43:31.71Z" },
    { url = "https://files.pythonhosted.org/packages/83/d9/8412d7f06f616bbc053d30cb4e5f76786af3221462ad5eee1f202021eb4e/pydantic_core-2.41.5-pp311-pypy311_pp73-manylinux_2_5_i686.manylinux1_i686.whl", hash = "sha256:287dad91cfb551c363dc62899a80e9e14da1f0e2b6ebde82c806612ca2a13ef1", size = 2174762, upload-time = "2025-11-04T13:43:34.744Z" },
    { url = "https://files.pythonhosted.org/packages/55/4c/162d906b8e3ba3a99354e20faa1b49a85206c47de97a639510a0e673f5da/pydantic_core-2.41.5-pp311-pypy311_pp73-musllinux_1_1_aarch64.whl", hash = "sha256:03b77d184b9eb40240ae9fd676ca364ce1085f203e1b1256f8ab9984dca80a84", size = 2143141, upload-time = "2025-11-04T13:43:37.701Z" },
    { url = "https://files.pythonhosted.org/packages/1f/f2/f11dd73284122713f5f89fc940f370d035fa8e1e078d446b3313955157fe/pydantic_core-2.41.5-pp311-pypy311_pp73-musllinux_1_1_armv7l.whl", hash = "sha256:a668ce24de96165bb239160b3d854943128f4334822900534f2fe947930e5770", size = 2330317, upload-time = "2025-11-04T13:43:40.406Z" },
    { url = "https://files.pythonhosted.org/packages/88/9d/b06ca6acfe4abb296110fb1273a4d848a0bfb2ff65f3ee92127b3244e16b/pydantic_core-2.41.5-pp311-pypy311_pp73-musllinux_1_1_x86_64.whl", hash = "sha256:f14f8f046c14563f8eb3f45f499cc658ab8d10072961e07225e507adb700e93f", size = 2316992, upload-time = "2025-11-04T13:43:43.602Z" },
    { url = "https://files.pythonhosted.org/packages/36/c7/cfc8e811f061c841d7990b0201912c3556bfeb99cdcb7ed24adc8d6f8704/pydantic_core-2.41.5-pp311-pypy311_pp73-win_amd64.whl", hash = "sha256:56121965f7a4dc965bff783d70b907ddf3d57f6eba29b6d2e5dabfaf07799c51", size = 2145302, upload-time = "2025-11-04T13:43:46.64Z" },
]

[[package]]
name = "pydantic-settings"
version = "2.12.0"
source = { registry = "https://pypi.org/simple" }
dependencies = [
    { name = "pydantic" },
    { name = "python-dotenv" },
    { name = "typing-inspection" },
]
sdist = { url = "https://files.pythonhosted.org/packages/43/4b/ac7e0aae12027748076d72a8764ff1c9d82ca75a7a52622e67ed3f765c54/pydantic_settings-2.12.0.tar.gz", hash = "sha256:005538ef951e3c2a68e1c08b292b5f2e71490def8589d4221b95dab00dafcfd0", size = 194184, upload-time = "2025-11-10T14:25:47.013Z" }
wheels = [
    { url = "https://files.pythonhosted.org/packages/c1/60/5d4751ba3f4a40a6891f24eec885f51afd78d208498268c734e256fb13c4/pydantic_settings-2.12.0-py3-none-any.whl", hash = "sha256:fddb9fd99a5b18da837b29710391e945b1e30c135477f484084ee513adb93809", size = 51880, upload-time = "2025-11-10T14:25:45.546Z" },
]

[[package]]
name = "python-dotenv"
version = "1.2.1"
source = { registry = "https://pypi.org/simple" }
sdist = { url = "https://files.pythonhosted.org/packages/f0/26/19cadc79a718c5edbec86fd4919a6b6d3f681039a2f6d66d14be94e75fb9/python_dotenv-1.2.1.tar.gz", hash = "sha256:42667e897e16ab0d66954af0e60a9caa94f0fd4ecf3aaf6d2d260eec1aa36ad6", size = 44221, upload-time = "2025-10-26T15:12:10.434Z" }
wheels = [
    { url = "https://files.pythonhosted.org/packages/14/1b/a298b06749107c305e1fe0f814c6c74aea7b2f1e10989cb30f544a1b3253/python_dotenv-1.2.1-py3-none-any.whl", hash = "sha256:b81ee9561e9ca4004139c6cbba3a238c32b03e4894671e181b671e8cb8425d61", size = 21230, upload-time = "2025-10-26T15:12:09.109Z" },
]

[[package]]
name = "ruff"
version = "0.14.11"
source = { registry = "https://pypi.org/simple" }
sdist = { url = "https://files.pythonhosted.org/packages/d4/77/9a7fe084d268f8855d493e5031ea03fa0af8cc05887f638bf1c4e3363eb8/ruff-0.14.11.tar.gz", hash = "sha256:f6dc463bfa5c07a59b1ff2c3b9767373e541346ea105503b4c0369c520a66958", size = 5993417, upload-time = "2026-01-08T19:11:58.322Z" }
wheels = [
    { url = "https://files.pythonhosted.org/packages/f0/a6/a4c40a5aaa7e331f245d2dc1ac8ece306681f52b636b40ef87c88b9f7afd/ruff-0.14.11-py3-none-linux_armv6l.whl", hash = "sha256:f6ff2d95cbd335841a7217bdfd9c1d2e44eac2c584197ab1385579d55ff8830e", size = 12951208, upload-time = "2026-01-08T19:12:09.218Z" },
    { url = "https://files.pythonhosted.org/packages/5c/5c/360a35cb7204b328b685d3129c08aca24765ff92b5a7efedbdd6c150d555/ruff-0.14.11-py3-none-macosx_10_12_x86_64.whl", hash = "sha256:6f6eb5c1c8033680f4172ea9c8d3706c156223010b8b97b05e82c59bdc774ee6", size = 13330075, upload-time = "2026-01-08T19:12:02.549Z" },
    { url = "https://files.pythonhosted.org/packages/1b/9e/0cc2f1be7a7d33cae541824cf3f95b4ff40d03557b575912b5b70273c9ec/ruff-0.14.11-py3-none-macosx_11_0_arm64.whl", hash = "sha256:f2fc34cc896f90080fca01259f96c566f74069a04b25b6205d55379d12a6855e", size = 12257809, upload-time = "2026-01-08T19:12:00.366Z" },
    { url = "https://files.pythonhosted.org/packages/a7/e5/5faab97c15bb75228d9f74637e775d26ac703cc2b4898564c01ab3637c02/ruff-0.14.11-py3-none-manylinux_2_17_aarch64.manylinux2014_aarch64.whl", hash = "sha256:53386375001773ae812b43205d6064dae49ff0968774e6befe16a994fc233caa", size = 12678447, upload-time = "2026-01-08T19:12:13.899Z" },
    { url = "https://files.pythonhosted.org/packages/1b/33/e9767f60a2bef779fb5855cab0af76c488e0ce90f7bb7b8a45c8a2ba4178/ruff-0.14.11-py3-none-manylinux_2_17_armv7l.manylinux2014_armv7l.whl", hash = "sha256:a697737dce1ca97a0a55b5ff0434ee7205943d4874d638fe3ae66166ff46edbe", size = 12758560, upload-time = "2026-01-08T19:11:42.55Z" },
    { url = "https://files.pythonhosted.org/packages/eb/84/4c6cf627a21462bb5102f7be2a320b084228ff26e105510cd2255ea868e5/ruff-0.14.11-py3-none-manylinux_2_17_i686.manylinux2014_i686.whl", hash = "sha256:6845ca1da8ab81ab1dce755a32ad13f1db72e7fba27c486d5d90d65e04d17b8f", size = 13599296, upload-time = "2026-01-08T19:11:30.371Z" },
    { url = "https://files.pythonhosted.org/packages/88/e1/92b5ed7ea66d849f6157e695dc23d5d6d982bd6aa8d077895652c38a7cae/ruff-0.14.11-py3-none-manylinux_2_17_ppc64.manylinux2014_ppc64.whl", hash = "sha256:e36ce2fd31b54065ec6f76cb08d60159e1b32bdf08507862e32f47e6dde8bcbf", size = 15048981, upload-time = "2026-01-08T19:12:04.742Z" },
    { url = "https://files.pythonhosted.org/packages/61/df/c1bd30992615ac17c2fb64b8a7376ca22c04a70555b5d05b8f717163cf9f/ruff-0.14.11-py3-none-manylinux_2_17_ppc64le.manylinux2014_ppc64le.whl", hash = "sha256:590bcc0e2097ecf74e62a5c10a6b71f008ad82eb97b0a0079e85defe19fe74d9", size = 14633183, upload-time = "2026-01-08T19:11:40.069Z" },
    { url = "https://files.pythonhosted.org/packages/04/e9/fe552902f25013dd28a5428a42347d9ad20c4b534834a325a28305747d64/ruff-0.14.11-py3-none-manylinux_2_17_s390x.manylinux2014_s390x.whl", hash = "sha256:53fe71125fc158210d57fe4da26e622c9c294022988d08d9347ec1cf782adafe", size = 14050453, upload-time = "2026-01-08T19:11:37.555Z" },
    { url = "https://files.pythonhosted.org/packages/ae/93/f36d89fa021543187f98991609ce6e47e24f35f008dfe1af01379d248a41/ruff-0.14.11-py3-none-manylinux_2_17_x86_64.manylinux2014_x86_64.whl", hash = "sha256:a35c9da08562f1598ded8470fcfef2afb5cf881996e6c0a502ceb61f4bc9c8a3", size = 13757889, upload-time = "2026-01-08T19:12:07.094Z" },
    { url = "https://files.pythonhosted.org/packages/b7/9f/c7fb6ecf554f28709a6a1f2a7f74750d400979e8cd47ed29feeaa1bd4db8/ruff-0.14.11-py3-none-manylinux_2_31_riscv64.whl", hash = "sha256:0f3727189a52179393ecf92ec7057c2210203e6af2676f08d92140d3e1ee72c1", size = 13955832, upload-time = "2026-01-08T19:11:55.064Z" },
    { url = "https://files.pythonhosted.org/packages/db/a0/153315310f250f76900a98278cf878c64dfb6d044e184491dd3289796734/ruff-0.14.11-py3-none-musllinux_1_2_aarch64.whl", hash = "sha256:eb09f849bd37147a789b85995ff734a6c4a095bed5fd1608c4f56afc3634cde2", size = 12586522, upload-time = "2026-01-08T19:11:35.356Z" },
    { url = "https://files.pythonhosted.org/packages/2f/2b/a73a2b6e6d2df1d74bf2b78098be1572191e54bec0e59e29382d13c3adc5/ruff-0.14.11-py3-none-musllinux_1_2_armv7l.whl", hash = "sha256:c61782543c1231bf71041461c1f28c64b961d457d0f238ac388e2ab173d7ecb7", size = 12724637, upload-time = "2026-01-08T19:11:47.796Z" },
    { url = "https://files.pythonhosted.org/packages/f0/41/09100590320394401cd3c48fc718a8ba71c7ddb1ffd07e0ad6576b3a3df2/ruff-0.14.11-py3-none-musllinux_1_2_i686.whl", hash = "sha256:82ff352ea68fb6766140381748e1f67f83c39860b6446966cff48a315c3e2491", size = 13145837, upload-time = "2026-01-08T19:11:32.87Z" },
    { url = "https://files.pythonhosted.org/packages/3b/d8/e035db859d1d3edf909381eb8ff3e89a672d6572e9454093538fe6f164b0/ruff-0.14.11-py3-none-musllinux_1_2_x86_64.whl", hash = "sha256:728e56879df4ca5b62a9dde2dd0eb0edda2a55160c0ea28c4025f18c03f86984", size = 13850469, upload-time = "2026-01-08T19:12:11.694Z" },
    { url = "https://files.pythonhosted.org/packages/4e/02/bb3ff8b6e6d02ce9e3740f4c17dfbbfb55f34c789c139e9cd91985f356c7/ruff-0.14.11-py3-none-win32.whl", hash = "sha256:337c5dd11f16ee52ae217757d9b82a26400be7efac883e9e852646f1557ed841", size = 12851094, upload-time = "2026-01-08T19:11:45.163Z" },
    { url = "https://files.pythonhosted.org/packages/58/f1/90ddc533918d3a2ad628bc3044cdfc094949e6d4b929220c3f0eb8a1c998/ruff-0.14.11-py3-none-win_amd64.whl", hash = "sha256:f981cea63d08456b2c070e64b79cb62f951aa1305282974d4d5216e6e0178ae6", size = 14001379, upload-time = "2026-01-08T19:11:52.591Z" },
    { url = "https://files.pythonhosted.org/packages/c4/1c/1dbe51782c0e1e9cfce1d1004752672d2d4629ea46945d19d731ad772b3b/ruff-0.14.11-py3-none-win_arm64.whl", hash = "sha256:649fb6c9edd7f751db276ef42df1f3df41c38d67d199570ae2a7bd6cbc3590f0", size = 12938644, upload-time = "2026-01-08T19:11:50.027Z" },
]

[[package]]
name = "sqlalchemy"
version = "2.0.45"
source = { registry = "https://pypi.org/simple" }
dependencies = [
    { name = "greenlet", marker = "platform_machine == 'AMD64' or platform_machine == 'WIN32' or platform_machine == 'aarch64' or platform_machine == 'amd64' or platform_machine == 'ppc64le' or platform_machine == 'win32' or platform_machine == 'x86_64'" },
    { name = "typing-extensions" },
]
sdist = { url = "https://files.pythonhosted.org/packages/be/f9/5e4491e5ccf42f5d9cfc663741d261b3e6e1683ae7812114e7636409fcc6/sqlalchemy-2.0.45.tar.gz", hash = "sha256:1632a4bda8d2d25703fdad6363058d882541bdaaee0e5e3ddfa0cd3229efce88", size = 9869912, upload-time = "2025-12-09T21:05:16.737Z" }
wheels = [
    { url = "https://files.pythonhosted.org/packages/a2/1c/769552a9d840065137272ebe86ffbb0bc92b0f1e0a68ee5266a225f8cd7b/sqlalchemy-2.0.45-cp311-cp311-macosx_11_0_arm64.whl", hash = "sha256:2e90a344c644a4fa871eb01809c32096487928bd2038bf10f3e4515cb688cc56", size = 2153860, upload-time = "2025-12-10T20:03:23.843Z" },
    { url = "https://files.pythonhosted.org/packages/f3/f8/9be54ff620e5b796ca7b44670ef58bc678095d51b0e89d6e3102ea468216/sqlalchemy-2.0.45-cp311-cp311-manylinux2014_aarch64.manylinux_2_17_aarch64.manylinux_2_28_aarch64.whl", hash = "sha256:b8c8b41b97fba5f62349aa285654230296829672fc9939cd7f35aab246d1c08b", size = 3309379, upload-time = "2025-12-09T22:06:07.461Z" },
    { url = "https://files.pythonhosted.org/packages/f6/2b/60ce3ee7a5ae172bfcd419ce23259bb874d2cddd44f67c5df3760a1e22f9/sqlalchemy-2.0.45-cp311-cp311-manylinux2014_x86_64.manylinux_2_17_x86_64.manylinux_2_28_x86_64.whl", hash = "sha256:12c694ed6468333a090d2f60950e4250b928f457e4962389553d6ba5fe9951ac", size = 3309948, upload-time = "2025-12-09T22:09:57.643Z" },
    { url = "https://files.pythonhosted.org/packages/a3/42/bac8d393f5db550e4e466d03d16daaafd2bad1f74e48c12673fb499a7fc1/sqlalchemy-2.0.45-cp311-cp311-musllinux_1_2_aarch64.whl", hash = "sha256:f7d27a1d977a1cfef38a0e2e1ca86f09c4212666ce34e6ae542f3ed0a33bc606", size = 3261239, upload-time = "2025-12-09T22:06:08.879Z" },
    { url = "https://files.pythonhosted.org/packages/6f/12/43dc70a0528c59842b04ea1c1ed176f072a9b383190eb015384dd102fb19/sqlalchemy-2.0.45-cp311-cp311-musllinux_1_2_x86_64.whl", hash = "sha256:d62e47f5d8a50099b17e2bfc1b0c7d7ecd8ba6b46b1507b58cc4f05eefc3bb1c", size = 3284065, upload-time = "2025-12-09T22:09:59.454Z" },
    { url = "https://files.pythonhosted.org/packages/cf/9c/563049cf761d9a2ec7bc489f7879e9d94e7b590496bea5bbee9ed7b4cc32/sqlalchemy-2.0.45-cp311-cp311-win32.whl", hash = "sha256:3c5f76216e7b85770d5bb5130ddd11ee89f4d52b11783674a662c7dd57018177", size = 2113480, upload-time = "2025-12-09T21:29:57.03Z" },
    { url = "https://files.pythonhosted.org/packages/bc/fa/09d0a11fe9f15c7fa5c7f0dd26be3d235b0c0cbf2f9544f43bc42efc8a24/sqlalchemy-2.0.45-cp311-cp311-win_amd64.whl", hash = "sha256:a15b98adb7f277316f2c276c090259129ee4afca783495e212048daf846654b2", size = 2138407, upload-time = "2025-12-09T21:29:58.556Z" },
    { url = "https://files.pythonhosted.org/packages/bf/e1/3ccb13c643399d22289c6a9786c1a91e3dcbb68bce4beb44926ac2c557bf/sqlalchemy-2.0.45-py3-none-any.whl", hash = "sha256:5225a288e4c8cc2308dbdd874edad6e7d0fd38eac1e9e5f23503425c8eee20d0", size = 1936672, upload-time = "2025-12-09T21:54:52.608Z" },
]

[package.optional-dependencies]
asyncio = [
    { name = "greenlet" },
]

[[package]]
name = "typing-extensions"
version = "4.15.0"
source = { registry = "https://pypi.org/simple" }
sdist = { url = "https://files.pythonhosted.org/packages/72/94/1a15dd82efb362ac84269196e94cf00f187f7ed21c242792a923cdb1c61f/typing_extensions-4.15.0.tar.gz", hash = "sha256:0cea48d173cc12fa28ecabc3b837ea3cf6f38c6d1136f85cbaaf598984861466", size = 109391, upload-time = "2025-08-25T13:49:26.313Z" }
wheels = [
    { url = "https://files.pythonhosted.org/packages/18/67/36e9267722cc04a6b9f15c7f3441c2363321a3ea07da7ae0c0707beb2a9c/typing_extensions-4.15.0-py3-none-any.whl", hash = "sha256:f0fa19c6845758ab08074a0cfa8b7aecb71c999ca73d62883bc25cc018c4e548", size = 44614, upload-time = "2025-08-25T13:49:24.86Z" },
]

[[package]]
name = "typing-inspection"
version = "0.4.2"
source = { registry = "https://pypi.org/simple" }
dependencies = [
    { name = "typing-extensions" },
]
sdist = { url = "https://files.pythonhosted.org/packages/55/e3/70399cb7dd41c10ac53367ae42139cf4b1ca5f36bb3dc6c9d33acdb43655/typing_inspection-0.4.2.tar.gz", hash = "sha256:ba561c48a67c5958007083d386c3295464928b01faa735ab8547c5692e87f464", size = 75949, upload-time = "2025-10-01T02:14:41.687Z" }
wheels = [
    { url = "https://files.pythonhosted.org/packages/dc/9b/47798a6c91d8bdb567fe2698fe81e0c6b7cb7ef4d13da4114b41d239f65d/typing_inspection-0.4.2-py3-none-any.whl", hash = "sha256:4ed1cacbdc298c220f1bd249ed5287caa16f34d44ef4e9c3d0cbad5b521545e7", size = 14611, upload-time = "2025-10-01T02:14:40.154Z" },
]
